{
    "_readme": [
        "This file locks the dependencies of your project to a known state",
        "Read more about it at https://getcomposer.org/doc/01-basic-usage.md#composer-lock-the-lock-file",
        "This file is @generated automatically"
    ],
    "hash": "6ca735d9714035e772953d408c3ba654",
    "content-hash": "9c58a721f4a1966ec440fa8eed41fb33",
    "packages": [
        {
            "name": "abraham/twitteroauth",
            "version": "0.6.4",
            "source": {
                "type": "git",
                "url": "https://github.com/abraham/twitteroauth.git",
                "reference": "f7dec715c6e79e6085470b8b5d4dc2727afc5186"
            },
            "dist": {
                "type": "zip",
                "url": "https://api.github.com/repos/abraham/twitteroauth/zipball/f7dec715c6e79e6085470b8b5d4dc2727afc5186",
                "reference": "f7dec715c6e79e6085470b8b5d4dc2727afc5186",
                "shasum": ""
            },
            "require": {
                "ext-curl": "*",
                "php": ">=5.5.0"
            },
            "require-dev": {
                "phpmd/phpmd": "2.3.*",
                "phpunit/phpunit": "4.8.*",
                "squizlabs/php_codesniffer": "2.3.*"
            },
            "type": "library",
            "autoload": {
                "psr-4": {
                    "Abraham\\TwitterOAuth\\": "src"
                }
            },
            "notification-url": "https://packagist.org/downloads/",
            "license": [
                "MIT"
            ],
            "authors": [
                {
                    "name": "Abraham Williams",
                    "email": "abraham@abrah.am",
                    "homepage": "https://abrah.am",
                    "role": "Developer"
                }
            ],
            "description": "The most popular PHP library for use with the Twitter OAuth REST API.",
            "homepage": "https://twitteroauth.com",
            "keywords": [
                "Twitter API",
                "Twitter oAuth",
                "api",
                "oauth",
                "rest",
                "social",
                "twitter"
            ],
            "time": "2016-04-20 23:23:26"
        },
        {
            "name": "facebook/php-sdk-v4",
            "version": "5.3.1",
            "source": {
                "type": "git",
                "url": "https://github.com/facebook/php-graph-sdk.git",
                "reference": "7ed1ecdae6a5b2f8b8f60e132d06594b39b16fb1"
            },
            "dist": {
                "type": "zip",
                "url": "https://api.github.com/repos/facebook/php-graph-sdk/zipball/7ed1ecdae6a5b2f8b8f60e132d06594b39b16fb1",
                "reference": "7ed1ecdae6a5b2f8b8f60e132d06594b39b16fb1",
                "shasum": ""
            },
            "require": {
                "php": "^5.4|^7.0"
            },
            "require-dev": {
                "guzzlehttp/guzzle": "~5.0",
                "mockery/mockery": "~0.8",
                "phpunit/phpunit": "~4.0"
            },
            "suggest": {
                "guzzlehttp/guzzle": "Allows for implementation of the Guzzle HTTP client"
            },
            "type": "library",
            "extra": {
                "branch-alias": {
                    "dev-master": "5.x-dev"
                }
            },
            "autoload": {
                "psr-4": {
                    "Facebook\\": "src/Facebook/"
                },
                "files": [
                    "src/Facebook/polyfills.php"
                ]
            },
            "notification-url": "https://packagist.org/downloads/",
            "license": [
                "Facebook Platform"
            ],
            "authors": [
                {
                    "name": "Facebook",
                    "homepage": "https://github.com/facebook/facebook-php-sdk-v4/contributors"
                }
            ],
            "description": "Facebook SDK for PHP",
            "homepage": "https://github.com/facebook/facebook-php-sdk-v4",
            "keywords": [
                "facebook",
                "sdk"
            ],
            "abandoned": "facebook/graph-sdk",
            "time": "2016-08-09 11:32:26"
        },
        {
            "name": "pear/console_table",
            "version": "v1.3.0",
            "source": {
                "type": "git",
                "url": "https://github.com/pear/Console_Table.git",
                "reference": "64100b9ee81852f4fa17823e55d0b385a544f976"
            },
            "dist": {
                "type": "zip",
                "url": "https://api.github.com/repos/pear/Console_Table/zipball/64100b9ee81852f4fa17823e55d0b385a544f976",
                "reference": "64100b9ee81852f4fa17823e55d0b385a544f976",
                "shasum": ""
            },
            "require": {
                "php": ">=5.2.0"
            },
            "suggest": {
                "pear/Console_Color2": ">=0.1.2"
            },
            "type": "library",
            "autoload": {
                "classmap": [
                    "Table.php"
                ]
            },
            "notification-url": "https://packagist.org/downloads/",
            "license": [
                "BSD-2-Clause"
            ],
            "authors": [
                {
                    "name": "Jan Schneider",
                    "homepage": "http://pear.php.net/user/yunosh"
                },
                {
                    "name": "Tal Peer",
                    "homepage": "http://pear.php.net/user/tal"
                },
                {
                    "name": "Xavier Noguer",
                    "homepage": "http://pear.php.net/user/xnoguer"
                },
                {
                    "name": "Richard Heyes",
                    "homepage": "http://pear.php.net/user/richard"
                }
            ],
            "description": "Library that makes it easy to build console style tables.",
            "homepage": "http://pear.php.net/package/Console_Table/",
            "keywords": [
                "console"
            ],
            "time": "2016-01-21 16:14:31"
        },
        {
            "name": "phpmailer/phpmailer",
            "version": "v5.2.16",
            "source": {
                "type": "git",
                "url": "https://github.com/PHPMailer/PHPMailer.git",
                "reference": "1d85f9ef3ecfc42bbc4f3c70d5e37ca9a65f629a"
            },
            "dist": {
                "type": "zip",
                "url": "https://api.github.com/repos/PHPMailer/PHPMailer/zipball/1d85f9ef3ecfc42bbc4f3c70d5e37ca9a65f629a",
                "reference": "1d85f9ef3ecfc42bbc4f3c70d5e37ca9a65f629a",
                "shasum": ""
            },
            "require": {
                "php": ">=5.0.0"
            },
            "require-dev": {
                "phpdocumentor/phpdocumentor": "*",
                "phpunit/phpunit": "4.7.*"
            },
            "suggest": {
                "league/oauth2-google": "Needed for Google XOAUTH2 authentication"
            },
            "type": "library",
            "autoload": {
                "classmap": [
                    "class.phpmailer.php",
                    "class.phpmaileroauth.php",
                    "class.phpmaileroauthgoogle.php",
                    "class.smtp.php",
                    "class.pop3.php",
                    "extras/EasyPeasyICS.php",
                    "extras/ntlm_sasl_client.php"
                ]
            },
            "notification-url": "https://packagist.org/downloads/",
            "license": [
                "LGPL-2.1"
            ],
            "authors": [
                {
                    "name": "Jim Jagielski",
                    "email": "jimjag@gmail.com"
                },
                {
                    "name": "Marcus Bointon",
                    "email": "phpmailer@synchromedia.co.uk"
                },
                {
                    "name": "Andy Prevost",
                    "email": "codeworxtech@users.sourceforge.net"
                },
                {
                    "name": "Brent R. Matzelle"
                }
            ],
            "description": "PHPMailer is a full-featured email creation and transfer class for PHP",
            "time": "2016-06-06 09:09:37"
        },
        {
            "name": "smarty/smarty",
            "version": "v3.1.30",
            "source": {
                "type": "git",
                "url": "https://github.com/smarty-php/smarty.git",
                "reference": "ed2b7f1146cfda13df1eea8a5f707a1b771b6e7e"
            },
            "dist": {
                "type": "zip",
                "url": "https://api.github.com/repos/smarty-php/smarty/zipball/ed2b7f1146cfda13df1eea8a5f707a1b771b6e7e",
                "reference": "ed2b7f1146cfda13df1eea8a5f707a1b771b6e7e",
                "shasum": ""
            },
            "require": {
                "php": ">=5.2"
            },
            "type": "library",
            "extra": {
                "branch-alias": {
                    "dev-master": "3.1.x-dev"
                }
            },
            "autoload": {
                "classmap": [
                    "libs/Smarty.class.php",
                    "libs/SmartyBC.class.php",
                    "libs/sysplugins/"
                ]
            },
            "notification-url": "https://packagist.org/downloads/",
            "license": [
                "LGPL-3.0"
            ],
            "authors": [
                {
                    "name": "Monte Ohrt",
                    "email": "monte@ohrt.com"
                },
                {
                    "name": "Uwe Tews",
                    "email": "uwe.tews@googlemail.com"
                },
                {
                    "name": "Rodney Rehm",
                    "email": "rodney.rehm@medialize.de"
                }
            ],
            "description": "Smarty - the compiling PHP template engine",
            "homepage": "http://www.smarty.net",
            "keywords": [
                "templating"
            ],
            "time": "2016-08-07 18:46:49"
        }
    ],
    "packages-dev": [],
    "aliases": [],
    "minimum-stability": "stable",
    "stability-flags": [],
    "prefer-stable": false,
    "prefer-lowest": false,
    "platform": {
        "php": "^7.0"
    },
    "platform-dev": []
}
